
Microsoft Visual Studio Solution File, Format Version 12.00
# Visual Studio Version 17
VisualStudioVersion = 17.11.35219.272
MinimumVisualStudioVersion = 10.0.40219.1
Project("{FAE04EC0-301F-11D3-BF4B-00C04F79EFBC}") = "TaskTracker.Web", "TaskTracker.Web\TaskTracker.Web.csproj", "{910E5F02-FE64-47E7-9745-525F81BE75F2}"
EndProject
Global
	GlobalSection(SolutionConfigurationPlatforms) = preSolution
		Debug|Any CPU = Debug|Any CPU
		Release|Any CPU = Release|Any CPU
	EndGlobalSection
	GlobalSection(ProjectConfigurationPlatforms) = postSolution
		{910E5F02-FE64-47E7-9745-525F81BE75F2}.Debug|Any CPU.ActiveCfg = Debug|Any CPU
		{910E5F02-FE64-47E7-9745-525F81BE75F2}.Debug|Any CPU.Build.0 = Debug|Any CPU
		{910E5F02-FE64-47E7-9745-525F81BE75F2}.Release|Any CPU.ActiveCfg = Release|Any CPU
		{910E5F02-FE64-47E7-9745-525F81BE75F2}.Release|Any CPU.Build.0 = Release|Any CPU
	EndGlobalSection
	GlobalSection(SolutionProperties) = preSolution
		HideSolutionNode = FALSE
	EndGlobalSection
	GlobalSection(ExtensibilityGlobals) = postSolution
		SolutionGuid = {F8285178-41C2-476A-AB7D-D8DEAC85A8E5}
	EndGlobalSection
EndGlobal
